github.com/behringer24/argumentative v1.0.2 h1:bnIsGlHlBbhsxdiGYZnHNOFWFaImn1wDuorWzuBQblM=
github.com/behringer24/argumentative v1.0.2/go.mod h1:mKmcVSVU+m/XKIyXy6GClMh2atssqmKPm1LI/mJ8wyk=
github.com/behringer24/azw3 v0.4.0 h1:cvEzDxszLbj0L5xmAtxgrar2nAuwVyV5LvF2Sb0+JlQ=
github.com/behringer24/azw3 v0.4.0/go.mod h1:USapNgu6wgD7KWyNgdNsXYAmfdsdVRpinx7AYqR9L2c=
github.com/behringer24/azw3 v0.4.1 h1:b5eUJB8s1NmADFP7BwbV8Dge2B/gHPkp32YGukI2fgY=
github.com/behringer24/azw3 v0.4.1/go.mod h1:V4U8oFaIdUvkKGi1CQ0OSDBJ34OO6vecalQSs2cLqcI=
github.com/behringer24/epub v0.0.0-20260707164353-10b1b2252ade h1:91bwIKtHaaSrqhwSpjuZBIw/oGN8k1k1zTvF6w2EcH8=
github.com/behringer24/epub v0.0.0-20260707164353-10b1b2252ade/go.mod h1:vvgjMx7Sm/ZJmdv4nrn+kByKpExmr0U5ztgoAWl0MxI=
github.com/behringer24/mobi v0.7.0 h1:rKPJzxrs4nOqXCHu2Hy/b1sSXMV1uNiqzWUx8+a9UGE=
github.com/behringer24/mobi v0.7.0/go.mod h1:0Bmhx7vwgsKJZkj3IxbqKaSGuHxCKrQfPzlVFlIrKkM=
github.com/gofrs/uuid v4.4.0+incompatible h1:3qXRTX8/NbyulANqlc0lchS1gqAVxRgsuW1YrTJupqA=
github.com/gofrs/uuid v4.4.0+incompatible/go.mod h1:b2aQJv3Z4Fp6yNu3cdSllBxTCLRxnplIgP/c0N/04lM=
golang.org/x/text v0.21.0 h1:zyQAAkrwaneQ066sspRyJaG9VNi/YJ1NfzcGB3hZ/qo=
golang.org/x/text v0.21.0/go.mod h1:4IBbMaMmOPCJ8SecivzSH54+73PCFmPWxNTLm+vZkEQ=
